// !$*UTF8*$!
{
	archiveVersion = 1;
	classes = {
	};
	objectVersion = 50;
	objects = {

/* Begin PBXBuildFile section */
		1812D384242A948E0069F6FC /* TranspositonRectViewController.swift in Sources */ = {isa = PBXBuildFile; fileRef = 1812D383242A948E0069F6FC /* TranspositonRectViewController.swift */; };
		18668E0B2422077300DDFEC3 /* AppDelegate.swift in Sources */ = {isa = PBXBuildFile; fileRef = 18668E0A2422077300DDFEC3 /* AppDelegate.swift */; };
		18668E0D2422077300DDFEC3 /* SceneDelegate.swift in Sources */ = {isa = PBXBuildFile; fileRef = 18668E0C2422077300DDFEC3 /* SceneDelegate.swift */; };
		18668E0F2422077300DDFEC3 /* ViewController.swift in Sources */ = {isa = PBXBuildFile; fileRef = 18668E0E2422077300DDFEC3 /* ViewController.swift */; };
		18668E122422077300DDFEC3 /* Main.storyboard in Resources */ = {isa = PBXBuildFile; fileRef = 18668E102422077300DDFEC3 /* Main.storyboard */; };
		18668E152422077300DDFEC3 /* Securite__Info.xcdatamodeld in Sources */ = {isa = PBXBuildFile; fileRef = 18668E132422077300DDFEC3 /* Securite__Info.xcdatamodeld */; };
		18668E172422077700DDFEC3 /* Assets.xcassets in Resources */ = {isa = PBXBuildFile; fileRef = 18668E162422077700DDFEC3 /* Assets.xcassets */; };
		18668E1A2422077700DDFEC3 /* LaunchScreen.storyboard in Resources */ = {isa = PBXBuildFile; fileRef = 18668E182422077700DDFEC3 /* LaunchScreen.storyboard */; };
		18668E252422077700DDFEC3 /* Securite__InfoTests.swift in Sources */ = {isa = PBXBuildFile; fileRef = 18668E242422077700DDFEC3 /* Securite__InfoTests.swift */; };
		18668E302422077700DDFEC3 /* Securite__InfoUITests.swift in Sources */ = {isa = PBXBuildFile; fileRef = 18668E2F2422077700DDFEC3 /* Securite__InfoUITests.swift */; };
		18D9B44024326FBE0091DF0D /* RSAViewController.swift in Sources */ = {isa = PBXBuildFile; fileRef = 18D9B43F24326FBE0091DF0D /* RSAViewController.swift */; };
		18DDCCDA24221A2700A2EECB /* AtbashViewController.swift in Sources */ = {isa = PBXBuildFile; fileRef = 18DDCCD924221A2700A2EECB /* AtbashViewController.swift */; };
		18DDCCDC2424FB6A00A2EECB /* CesarViewController.swift in Sources */ = {isa = PBXBuildFile; fileRef = 18DDCCDB2424FB6A00A2EECB /* CesarViewController.swift */; };
		18DDCCDE2425210A00A2EECB /* VigenereViewController.swift in Sources */ = {isa = PBXBuildFile; fileRef = 18DDCCDD2425210900A2EECB /* VigenereViewController.swift */; };
		18DDCCE024255C4000A2EECB /* PolybeViewController.swift in Sources */ = {isa = PBXBuildFile; fileRef = 18DDCCDF24255C4000A2EECB /* PolybeViewController.swift */; };
		18DDCCE2242608BC00A2EECB /* PlayfairViewController.swift in Sources */ = {isa = PBXBuildFile; fileRef = 18DDCCE1242608BC00A2EECB /* PlayfairViewController.swift */; };
		18DDCCE42426B0EF00A2EECB /* HillViewController.swift in Sources */ = {isa = PBXBuildFile; fileRef = 18DDCCE32426B0EF00A2EECB /* HillViewController.swift */; };
		18F75DB6242C63C3004D3252 /* DESViewController.swift in Sources */ = {isa = PBXBuildFile; fileRef = 18F75DB5242C63C3004D3252 /* DESViewController.swift */; };
/* End PBXBuildFile section */

/* Begin PBXContainerItemProxy section */
		18668E212422077700DDFEC3 /* PBXContainerItemProxy */ = {
			isa = PBXContainerItemProxy;
			containerPortal = 18668DFF2422077300DDFEC3 /* Project object */;
			proxyType = 1;
			remoteGlobalIDString = 18668E062422077300DDFEC3;
			remoteInfo = "Securité Info";
		};
		18668E2C2422077700DDFEC3 /* PBXContainerItemProxy */ = {
			isa = PBXContainerItemProxy;
			containerPortal = 18668DFF2422077300DDFEC3 /* Project object */;
			proxyType = 1;
			remoteGlobalIDString = 18668E062422077300DDFEC3;
			remoteInfo = "Securité Info";
		};
/* End PBXContainerItemProxy section */

/* Begin PBXFileReference section */
		1812D383242A948E0069F6FC /* TranspositonRectViewController.swift */ = {isa = PBXFileReference; lastKnownFileType = sourcecode.swift; path = TranspositonRectViewController.swift; sourceTree = "<group>"; };
		18668E072422077300DDFEC3 /* Securité Info.app */ = {isa = PBXFileReference; explicitFileType = wrapper.application; includeInIndex = 0; path = "Securité Info.app"; sourceTree = BUILT_PRODUCTS_DIR; };
		18668E0A2422077300DDFEC3 /* AppDelegate.swift */ = {isa = PBXFileReference; lastKnownFileType = sourcecode.swift; path = AppDelegate.swift; sourceTree = "<group>"; };
		18668E0C2422077300DDFEC3 /* SceneDelegate.swift */ = {isa = PBXFileReference; lastKnownFileType = sourcecode.swift; path = SceneDelegate.swift; sourceTree = "<group>"; };
		18668E0E2422077300DDFEC3 /* ViewController.swift */ = {isa = PBXFileReference; lastKnownFileType = sourcecode.swift; path = ViewController.swift; sourceTree = "<group>"; };
		18668E112422077300DDFEC3 /* Base */ = {isa = PBXFileReference; lastKnownFileType = file.storyboard; name = Base; path = Base.lproj/Main.storyboard; sourceTree = "<group>"; };
		18668E142422077300DDFEC3 /* Securite__Info.xcdatamodel */ = {isa = PBXFileReference; lastKnownFileType = wrapper.xcdatamodel; path = Securite__Info.xcdatamodel; sourceTree = "<group>"; };
		18668E162422077700DDFEC3 /* Assets.xcassets */ = {isa = PBXFileReference; lastKnownFileType = folder.assetcatalog; path = Assets.xcassets; sourceTree = "<group>"; };
		18668E192422077700DDFEC3 /* Base */ = {isa = PBXFileReference; lastKnownFileType = file.storyboard; name = Base; path = Base.lproj/LaunchScreen.storyboard; sourceTree = "<group>"; };
		18668E1B2422077700DDFEC3 /* Info.plist */ = {isa = PBXFileReference; lastKnownFileType = text.plist.xml; path = Info.plist; sourceTree = "<group>"; };
		18668E202422077700DDFEC3 /* Securité InfoTests.xctest */ = {isa = PBXFileReference; explicitFileType = wrapper.cfbundle; includeInIndex = 0; path = "Securité InfoTests.xctest"; sourceTree = BUILT_PRODUCTS_DIR; };
		18668E242422077700DDFEC3 /* Securite__InfoTests.swift */ = {isa = PBXFileReference; lastKnownFileType = sourcecode.swift; path = Securite__InfoTests.swift; sourceTree = "<group>"; };
		18668E262422077700DDFEC3 /* Info.plist */ = {isa = PBXFileReference; lastKnownFileType = text.plist.xml; path = Info.plist; sourceTree = "<group>"; };
		18668E2B2422077700DDFEC3 /* Securité InfoUITests.xctest */ = {isa = PBXFileReference; explicitFileType = wrapper.cfbundle; includeInIndex = 0; path = "Securité InfoUITests.xctest"; sourceTree = BUILT_PRODUCTS_DIR; };
		18668E2F2422077700DDFEC3 /* Securite__InfoUITests.swift */ = {isa = PBXFileReference; lastKnownFileType = sourcecode.swift; path = Securite__InfoUITests.swift; sourceTree = "<group>"; };
		18668E312422077700DDFEC3 /* Info.plist */ = {isa = PBXFileReference; lastKnownFileType = text.plist.xml; path = Info.plist; sourceTree = "<group>"; };
		18D9B43F24326FBE0091DF0D /* RSAViewController.swift */ = {isa = PBXFileReference; lastKnownFileType = sourcecode.swift; path = RSAViewController.swift; sourceTree = "<group>"; };
		18DDCCD924221A2700A2EECB /* AtbashViewController.swift */ = {isa = PBXFileReference; lastKnownFileType = sourcecode.swift; path = AtbashViewController.swift; sourceTree = "<group>"; };
		18DDCCDB2424FB6A00A2EECB /* CesarViewController.swift */ = {isa = PBXFileReference; lastKnownFileType = sourcecode.swift; path = CesarViewController.swift; sourceTree = "<group>"; };
		18DDCCDD2425210900A2EECB /* VigenereViewController.swift */ = {isa = PBXFileReference; lastKnownFileType = sourcecode.swift; path = VigenereViewController.swift; sourceTree = "<group>"; };
		18DDCCDF24255C4000A2EECB /* PolybeViewController.swift */ = {isa = PBXFileReference; lastKnownFileType = sourcecode.swift; path = PolybeViewController.swift; sourceTree = "<group>"; };
		18DDCCE1242608BC00A2EECB /* PlayfairViewController.swift */ = {isa = PBXFileReference; lastKnownFileType = sourcecode.swift; path = PlayfairViewController.swift; sourceTree = "<group>"; };
		18DDCCE32426B0EF00A2EECB /* HillViewController.swift */ = {isa = PBXFileReference; lastKnownFileType = sourcecode.swift; path = HillViewController.swift; sourceTree = "<group>"; };
		18F75DB5242C63C3004D3252 /* DESViewController.swift */ = {isa = PBXFileReference; lastKnownFileType = sourcecode.swift; path = DESViewController.swift; sourceTree = "<group>"; };
/* End PBXFileReference section */

/* Begin PBXFrameworksBuildPhase section */
		18668E042422077300DDFEC3 /* Frameworks */ = {
			isa = PBXFrameworksBuildPhase;
			buildActionMask = 2147483647;
			files = (
			);
			runOnlyForDeploymentPostprocessing = 0;
		};
		18668E1D2422077700DDFEC3 /* Frameworks */ = {
			isa = PBXFrameworksBuildPhase;
			buildActionMask = 2147483647;
			files = (
			);
			runOnlyForDeploymentPostprocessing = 0;
		};
		18668E282422077700DDFEC3 /* Frameworks */ = {
			isa = PBXFrameworksBuildPhase;
			buildActionMask = 2147483647;
			files = (
			);
			runOnlyForDeploymentPostprocessing = 0;
		};
/* End PBXFrameworksBuildPhase section */

/* Begin PBXGroup section */
		18668DFE2422077300DDFEC3 = {
			isa = PBXGroup;
			children = (
				18668E092422077300DDFEC3 /* Securité Info */,
				18668E232422077700DDFEC3 /* Securité InfoTests */,
				18668E2E2422077700DDFEC3 /* Securité InfoUITests */,
				18668E082422077300DDFEC3 /* Products */,
			);
			sourceTree = "<group>";
		};
		18668E082422077300DDFEC3 /* Products */ = {
			isa = PBXGroup;
			children = (
				18668E072422077300DDFEC3 /* Securité Info.app */,
				18668E202422077700DDFEC3 /* Securité InfoTests.xctest */,
				18668E2B2422077700DDFEC3 /* Securité InfoUITests.xctest */,
			);
			name = Products;
			sourceTree = "<group>";
		};
		18668E092422077300DDFEC3 /* Securité Info */ = {
			isa = PBXGroup;
			children = (
				18668E0A2422077300DDFEC3 /* AppDelegate.swift */,
				18668E0C2422077300DDFEC3 /* SceneDelegate.swift */,
				18668E0E2422077300DDFEC3 /* ViewController.swift */,
				18DDCCD924221A2700A2EECB /* AtbashViewController.swift */,
				18668E102422077300DDFEC3 /* Main.storyboard */,
				1812D383242A948E0069F6FC /* TranspositonRectViewController.swift */,
				18F75DB5242C63C3004D3252 /* DESViewController.swift */,
				18D9B43F24326FBE0091DF0D /* RSAViewController.swift */,
				18DDCCE1242608BC00A2EECB /* PlayfairViewController.swift */,
				18DDCCE32426B0EF00A2EECB /* HillViewController.swift */,
				18DDCCDB2424FB6A00A2EECB /* CesarViewController.swift */,
				18DDCCDD2425210900A2EECB /* VigenereViewController.swift */,
				18DDCCDF24255C4000A2EECB /* PolybeViewController.swift */,
				18668E162422077700DDFEC3 /* Assets.xcassets */,
				18668E182422077700DDFEC3 /* LaunchScreen.storyboard */,
				18668E1B2422077700DDFEC3 /* Info.plist */,
				18668E132422077300DDFEC3 /* Securite__Info.xcdatamodeld */,
			);
			path = "Securité Info";
			sourceTree = "<group>";
		};
		18668E232422077700DDFEC3 /* Securité InfoTests */ = {
			isa = PBXGroup;
			children = (
				18668E242422077700DDFEC3 /* Securite__InfoTests.swift */,
				18668E262422077700DDFEC3 /* Info.plist */,
			);
			path = "Securité InfoTests";
			sourceTree = "<group>";
		};
		18668E2E2422077700DDFEC3 /* Securité InfoUITests */ = {
			isa = PBXGroup;
			children = (
				18668E2F2422077700DDFEC3 /* Securite__InfoUITests.swift */,
				18668E312422077700DDFEC3 /* Info.plist */,
			);
			path = "Securité InfoUITests";
			sourceTree = "<group>";
		};
/* End PBXGroup section */

/* Begin PBXNativeTarget section */
		18668E062422077300DDFEC3 /* Securité Info */ = {
			isa = PBXNativeTarget;
			buildConfigurationList = 18668E342422077700DDFEC3 /* Build configuration list for PBXNativeTarget "Securité Info" */;
			buildPhases = (
				18668E032422077300DDFEC3 /* Sources */,
				18668E042422077300DDFEC3 /* Frameworks */,
				18668E052422077300DDFEC3 /* Resources */,
			);
			buildRules = (
			);
			dependencies = (
			);
			name = "Securité Info";
			productName = "Securité Info";
			productReference = 18668E072422077300DDFEC3 /* Securité Info.app */;
			productType = "com.apple.product-type.application";
		};
		18668E1F2422077700DDFEC3 /* Securité InfoTests */ = {
			isa = PBXNativeTarget;
			buildConfigurationList = 18668E372422077700DDFEC3 /* Build configuration list for PBXNativeTarget "Securité InfoTests" */;
			buildPhases = (
				18668E1C2422077700DDFEC3 /* Sources */,
				18668E1D2422077700DDFEC3 /* Frameworks */,
				18668E1E2422077700DDFEC3 /* Resources */,
			);
			buildRules = (
			);
			dependencies = (
				18668E222422077700DDFEC3 /* PBXTargetDependency */,
			);
			name = "Securité InfoTests";
			productName = "Securité InfoTests";
			productReference = 18668E202422077700DDFEC3 /* Securité InfoTests.xctest */;
			productType = "com.apple.product-type.bundle.unit-test";
		};
		18668E2A2422077700DDFEC3 /* Securité InfoUITests */ = {
			isa = PBXNativeTarget;
			buildConfigurationList = 18668E3A2422077700DDFEC3 /* Build configuration list for PBXNativeTarget "Securité InfoUITests" */;
			buildPhases = (
				18668E272422077700DDFEC3 /* Sources */,
				18668E282422077700DDFEC3 /* Frameworks */,
				18668E292422077700DDFEC3 /* Resources */,
			);
			buildRules = (
			);
			dependencies = (
				18668E2D2422077700DDFEC3 /* PBXTargetDependency */,
			);
			name = "Securité InfoUITests";
			productName = "Securité InfoUITests";
			productReference = 18668E2B2422077700DDFEC3 /* Securité InfoUITests.xctest */;
			productType = "com.apple.product-type.bundle.ui-testing";
		};
/* End PBXNativeTarget section */

/* Begin PBXProject section */
		18668DFF2422077300DDFEC3 /* Project object */ = {
			isa = PBXProject;
			attributes = {
				LastSwiftUpdateCheck = 1130;
				LastUpgradeCheck = 1130;
				ORGANIZATIONNAME = "HOARAU Julien";
				TargetAttributes = {
					18668E062422077300DDFEC3 = {
						CreatedOnToolsVersion = 11.3.1;
					};
					18668E1F2422077700DDFEC3 = {
						CreatedOnToolsVersion = 11.3.1;
						TestTargetID = 18668E062422077300DDFEC3;
					};
					18668E2A2422077700DDFEC3 = {
						CreatedOnToolsVersion = 11.3.1;
						TestTargetID = 18668E062422077300DDFEC3;
					};
				};
			};
			buildConfigurationList = 18668E022422077300DDFEC3 /* Build configuration list for PBXProject "Securité Info" */;
			compatibilityVersion = "Xcode 9.3";
			developmentRegion = en;
			hasScannedForEncodings = 0;
			knownRegions = (
				en,
				Base,
			);
			mainGroup = 18668DFE2422077300DDFEC3;
			productRefGroup = 18668E082422077300DDFEC3 /* Products */;
			projectDirPath = "";
			projectRoot = "";
			targets = (
				18668E062422077300DDFEC3 /* Securité Info */,
				18668E1F2422077700DDFEC3 /* Securité InfoTests */,
				18668E2A2422077700DDFEC3 /* Securité InfoUITests */,
			);
		};
/* End PBXProject section */

/* Begin PBXResourcesBuildPhase section */
		18668E052422077300DDFEC3 /* Resources */ = {
			isa = PBXResourcesBuildPhase;
			buildActionMask = 2147483647;
			files = (
				18668E1A2422077700DDFEC3 /* LaunchScreen.storyboard in Resources */,
				18668E172422077700DDFEC3 /* Assets.xcassets in Resources */,
				18668E122422077300DDFEC3 /* Main.storyboard in Resources */,
			);
			runOnlyForDeploymentPostprocessing = 0;
		};
		18668E1E2422077700DDFEC3 /* Resources */ = {
			isa = PBXResourcesBuildPhase;
			buildActionMask = 2147483647;
			files = (
			);
			runOnlyForDeploymentPostprocessing = 0;
		};
		18668E292422077700DDFEC3 /* Resources */ = {
			isa = PBXResourcesBuildPhase;
			buildActionMask = 2147483647;
			files = (
			);
			runOnlyForDeploymentPostprocessing = 0;
		};
/* End PBXResourcesBuildPhase section */

/* Begin PBXSourcesBuildPhase section */
		18668E032422077300DDFEC3 /* Sources */ = {
			isa = PBXSourcesBuildPhase;
			buildActionMask = 2147483647;
			files = (
				18668E0F2422077300DDFEC3 /* ViewController.swift in Sources */,
				18F75DB6242C63C3004D3252 /* DESViewController.swift in Sources */,
				18D9B44024326FBE0091DF0D /* RSAViewController.swift in Sources */,
				18DDCCDE2425210A00A2EECB /* VigenereViewController.swift in Sources */,
				18668E152422077300DDFEC3 /* Securite__Info.xcdatamodeld in Sources */,
				18DDCCE2242608BC00A2EECB /* PlayfairViewController.swift in Sources */,
				18668E0B2422077300DDFEC3 /* AppDelegate.swift in Sources */,
				18668E0D2422077300DDFEC3 /* SceneDelegate.swift in Sources */,
				18DDCCDA24221A2700A2EECB /* AtbashViewController.swift in Sources */,
				18DDCCE42426B0EF00A2EECB /* HillViewController.swift in Sources */,
				18DDCCDC2424FB6A00A2EECB /* CesarViewController.swift in Sources */,
				18DDCCE024255C4000A2EECB /* PolybeViewController.swift in Sources */,
				1812D384242A948E0069F6FC /* TranspositonRectViewController.swift in Sources */,
			);
			runOnlyForDeploymentPostprocessing = 0;
		};
		18668E1C2422077700DDFEC3 /* Sources */ = {
			isa = PBXSourcesBuildPhase;
			buildActionMask = 2147483647;
			files = (
				18668E252422077700DDFEC3 /* Securite__InfoTests.swift in Sources */,
			);
			runOnlyForDeploymentPostprocessing = 0;
		};
		18668E272422077700DDFEC3 /* Sources */ = {
			isa = PBXSourcesBuildPhase;
			buildActionMask = 2147483647;
			files = (
				18668E302422077700DDFEC3 /* Securite__InfoUITests.swift in Sources */,
			);
			runOnlyForDeploymentPostprocessing = 0;
		};
/* End PBXSourcesBuildPhase section */

/* Begin PBXTargetDependency section */
		18668E222422077700DDFEC3 /* PBXTargetDependency */ = {
			isa = PBXTargetDependency;
			target = 18668E062422077300DDFEC3 /* Securité Info */;
			targetProxy = 18668E212422077700DDFEC3 /* PBXContainerItemProxy */;
		};
		18668E2D2422077700DDFEC3 /* PBXTargetDependency */ = {
			isa = PBXTargetDependency;
			target = 18668E062422077300DDFEC3 /* Securité Info */;
			targetProxy = 18668E2C2422077700DDFEC3 /* PBXContainerItemProxy */;
		};
/* End PBXTargetDependency section */

/* Begin PBXVariantGroup section */
		18668E102422077300DDFEC3 /* Main.storyboard */ = {
			isa = PBXVariantGroup;
			children = (
				18668E112422077300DDFEC3 /* Base */,
			);
			name = Main.storyboard;
			sourceTree = "<group>";
		};
		18668E182422077700DDFEC3 /* LaunchScreen.storyboard */ = {
			isa = PBXVariantGroup;
			children = (
				18668E192422077700DDFEC3 /* Base */,
			);
			name = LaunchScreen.storyboard;
			sourceTree = "<group>";
		};
/* End PBXVariantGroup section */

/* Begin XCBuildConfiguration section */
		18668E322422077700DDFEC3 /* Debug */ = {
			isa = XCBuildConfiguration;
			buildSettings = {
				ALWAYS_SEARCH_USER_PATHS = NO;
				CLANG_ANALYZER_NONNULL = YES;
				CLANG_ANALYZER_NUMBER_OBJECT_CONVERSION = YES_AGGRESSIVE;
				CLANG_CXX_LANGUAGE_STANDARD = "gnu++14";
				CLANG_CXX_LIBRARY = "libc++";
				CLANG_ENABLE_MODULES = YES;
				CLANG_ENABLE_OBJC_ARC = YES;
				CLANG_ENABLE_OBJC_WEAK = YES;
				CLANG_WARN_BLOCK_CAPTURE_AUTORELEASING = YES;
				CLANG_WARN_BOOL_CONVERSION = YES;
				CLANG_WARN_COMMA = YES;
				CLANG_WARN_CONSTANT_CONVERSION = YES;
				CLANG_WARN_DEPRECATED_OBJC_IMPLEMENTATIONS = YES;
				CLANG_WARN_DIRECT_OBJC_ISA_USAGE = YES_ERROR;
				CLANG_WARN_DOCUMENTATION_COMMENTS = YES;
				CLANG_WARN_EMPTY_BODY = YES;
				CLANG_WARN_ENUM_CONVERSION = YES;
				CLANG_WARN_INFINITE_RECURSION = YES;
				CLANG_WARN_INT_CONVERSION = YES;
				CLANG_WARN_NON_LITERAL_NULL_CONVERSION = YES;
				CLANG_WARN_OBJC_IMPLICIT_RETAIN_SELF = YES;
				CLANG_WARN_OBJC_LITERAL_CONVERSION = YES;
				CLANG_WARN_OBJC_ROOT_CLASS = YES_ERROR;
				CLANG_WARN_RANGE_LOOP_ANALYSIS = YES;
				CLANG_WARN_STRICT_PROTOTYPES = YES;
				CLANG_WARN_SUSPICIOUS_MOVE = YES;
				CLANG_WARN_UNGUARDED_AVAILABILITY = YES_AGGRESSIVE;
				CLANG_WARN_UNREACHABLE_CODE = YES;
				CLANG_WARN__DUPLICATE_METHOD_MATCH = YES;
				COPY_PHASE_STRIP = NO;
				DEBUG_INFORMATION_FORMAT = dwarf;
				ENABLE_STRICT_OBJC_MSGSEND = YES;
				ENABLE_TESTABILITY = YES;
				GCC_C_LANGUAGE_STANDARD = gnu11;
				GCC_DYNAMIC_NO_PIC = NO;
				GCC_NO_COMMON_BLOCKS = YES;
				GCC_OPTIMIZATION_LEVEL = 0;
				GCC_PREPROCESSOR_DEFINITIONS = (
					"DEBUG=1",
					"$(inherited)",
				);
				GCC_WARN_64_TO_32_BIT_CONVERSION = YES;
				GCC_WARN_ABOUT_RETURN_TYPE = YES_ERROR;
				GCC_WARN_UNDECLARED_SELECTOR = YES;
				GCC_WARN_UNINITIALIZED_AUTOS = YES_AGGRESSIVE;
				GCC_WARN_UNUSED_FUNCTION = YES;
				GCC_WARN_UNUSED_VARIABLE = YES;
				IPHONEOS_DEPLOYMENT_TARGET = 13.2;
				MTL_ENABLE_DEBUG_INFO = INCLUDE_SOURCE;
				MTL_FAST_MATH = YES;
				ONLY_ACTIVE_ARCH = YES;
				SDKROOT = iphoneos;
				SWIFT_ACTIVE_COMPILATION_CONDITIONS = DEBUG;
				SWIFT_OPTIMIZATION_LEVEL = "-Onone";
			};
			name = Debug;
		};
		18668E332422077700DDFEC3 /* Release */ = {
			isa = XCBuildConfiguration;
			buildSettings = {
				ALWAYS_SEARCH_USER_PATHS = NO;
				CLANG_ANALYZER_NONNULL = YES;
				CLANG_ANALYZER_NUMBER_OBJECT_CONVERSION = YES_AGGRESSIVE;
				CLANG_CXX_LANGUAGE_STANDARD = "gnu++14";
				CLANG_CXX_LIBRARY = "libc++";
				CLANG_ENABLE_MODULES = YES;
				CLANG_ENABLE_OBJC_ARC = YES;
				CLANG_ENABLE_OBJC_WEAK = YES;
				CLANG_WARN_BLOCK_CAPTURE_AUTORELEASING = YES;
				CLANG_WARN_BOOL_CONVERSION = YES;
				CLANG_WARN_COMMA = YES;
				CLANG_WARN_CONSTANT_CONVERSION = YES;
				CLANG_WARN_DEPRECATED_OBJC_IMPLEMENTATIONS = YES;
				CLANG_WARN_DIRECT_OBJC_ISA_USAGE = YES_ERROR;
				CLANG_WARN_DOCUMENTATION_COMMENTS = YES;
				CLANG_WARN_EMPTY_BODY = YES;
				CLANG_WARN_ENUM_CONVERSION = YES;
				CLANG_WARN_INFINITE_RECURSION = YES;
				CLANG_WARN_INT_CONVERSION = YES;
				CLANG_WARN_NON_LITERAL_NULL_CONVERSION = YES;
				CLANG_WARN_OBJC_IMPLICIT_RETAIN_SELF = YES;
				CLANG_WARN_OBJC_LITERAL_CONVERSION = YES;
				CLANG_WARN_OBJC_ROOT_CLASS = YES_ERROR;
				CLANG_WARN_RANGE_LOOP_ANALYSIS = YES;
				CLANG_WARN_STRICT_PROTOTYPES = YES;
				CLANG_WARN_SUSPICIOUS_MOVE = YES;
				CLANG_WARN_UNGUARDED_AVAILABILITY = YES_AGGRESSIVE;
				CLANG_WARN_UNREACHABLE_CODE = YES;
				CLANG_WARN__DUPLICATE_METHOD_MATCH = YES;
				COPY_PHASE_STRIP = NO;
				DEBUG_INFORMATION_FORMAT = "dwarf-with-dsym";
				ENABLE_NS_ASSERTIONS = NO;
				ENABLE_STRICT_OBJC_MSGSEND = YES;
				GCC_C_LANGUAGE_STANDARD = gnu11;
				GCC_NO_COMMON_BLOCKS = YES;
				GCC_WARN_64_TO_32_BIT_CONVERSION = YES;
				GCC_WARN_ABOUT_RETURN_TYPE = YES_ERROR;
				GCC_WARN_UNDECLARED_SELECTOR = YES;
				GCC_WARN_UNINITIALIZED_AUTOS = YES_AGGRESSIVE;
				GCC_WARN_UNUSED_FUNCTION = YES;
				GCC_WARN_UNUSED_VARIABLE = YES;
				IPHONEOS_DEPLOYMENT_TARGET = 13.2;
				MTL_ENABLE_DEBUG_INFO = NO;
				MTL_FAST_MATH = YES;
				SDKROOT = iphoneos;
				SWIFT_COMPILATION_MODE = wholemodule;
				SWIFT_OPTIMIZATION_LEVEL = "-O";
				VALIDATE_PRODUCT = YES;
			};
			name = Release;
		};
		18668E352422077700DDFEC3 /* Debug */ = {
			isa = XCBuildConfiguration;
			buildSettings = {
				ASSETCATALOG_COMPILER_APPICON_NAME = AppIcon;
				CODE_SIGN_STYLE = Automatic;
				DEVELOPMENT_TEAM = D6R3B72276;
				INFOPLIST_FILE = "Securité Info/Info.plist";
				LD_RUNPATH_SEARCH_PATHS = (
					"$(inherited)",
					"@executable_path/Frameworks",
				);
				PRODUCT_BUNDLE_IDENTIFIER = "julienHoarau.Securite--Info";
				PRODUCT_NAME = "$(TARGET_NAME)";
				SWIFT_VERSION = 5.0;
				TARGETED_DEVICE_FAMILY = "1,2";
			};
			name = Debug;
		};
		18668E362422077700DDFEC3 /* Release */ = {
			isa = XCBuildConfiguration;
			buildSettings = {
				ASSETCATALOG_COMPILER_APPICON_NAME = AppIcon;
				CODE_SIGN_STYLE = Automatic;
				DEVELOPMENT_TEAM = D6R3B72276;
				INFOPLIST_FILE = "Securité Info/Info.plist";
				LD_RUNPATH_SEARCH_PATHS = (
					"$(inherited)",
					"@executable_path/Frameworks",
				);
				PRODUCT_BUNDLE_IDENTIFIER = "julienHoarau.Securite--Info";
				PRODUCT_NAME = "$(TARGET_NAME)";
				SWIFT_VERSION = 5.0;
				TARGETED_DEVICE_FAMILY = "1,2";
			};
			name = Release;
		};
		18668E382422077700DDFEC3 /* Debug */ = {
			isa = XCBuildConfiguration;
			buildSettings = {
				ALWAYS_EMBED_SWIFT_STANDARD_LIBRARIES = YES;
				BUNDLE_LOADER = "$(TEST_HOST)";
				CODE_SIGN_STYLE = Automatic;
				DEVELOPMENT_TEAM = D6R3B72276;
				INFOPLIST_FILE = "Securité InfoTests/Info.plist";
				IPHONEOS_DEPLOYMENT_TARGET = 13.2;
				LD_RUNPATH_SEARCH_PATHS = (
					"$(inherited)",
					"@executable_path/Frameworks",
					"@loader_path/Frameworks",
				);
				PRODUCT_BUNDLE_IDENTIFIER = "julienHoarau.Securite--InfoTests";
				PRODUCT_NAME = "$(TARGET_NAME)";
				SWIFT_VERSION = 5.0;
				TARGETED_DEVICE_FAMILY = "1,2";
				TEST_HOST = "$(BUILT_PRODUCTS_DIR)/Securité Info.app/Securité Info";
			};
			name = Debug;
		};
		18668E392422077700DDFEC3 /* Release */ = {
			isa = XCBuildConfiguration;
			buildSettings = {
				ALWAYS_EMBED_SWIFT_STANDARD_LIBRARIES = YES;
				BUNDLE_LOADER = "$(TEST_HOST)";
				CODE_SIGN_STYLE = Automatic;
				DEVELOPMENT_TEAM = D6R3B72276;
				INFOPLIST_FILE = "Securité InfoTests/Info.plist";
				IPHONEOS_DEPLOYMENT_TARGET = 13.2;
				LD_RUNPATH_SEARCH_PATHS = (
					"$(inherited)",
					"@executable_path/Frameworks",
					"@loader_path/Frameworks",
				);
				PRODUCT_BUNDLE_IDENTIFIER = "julienHoarau.Securite--InfoTests";
				PRODUCT_NAME = "$(TARGET_NAME)";
				SWIFT_VERSION = 5.0;
				TARGETED_DEVICE_FAMILY = "1,2";
				TEST_HOST = "$(BUILT_PRODUCTS_DIR)/Securité Info.app/Securité Info";
			};
			name = Release;
		};
		18668E3B2422077700DDFEC3 /* Debug */ = {
			isa = XCBuildConfiguration;
			buildSettings = {
				ALWAYS_EMBED_SWIFT_STANDARD_LIBRARIES = YES;
				CODE_SIGN_STYLE = Automatic;
				DEVELOPMENT_TEAM = D6R3B72276;
				INFOPLIST_FILE = "Securité InfoUITests/Info.plist";
				LD_RUNPATH_SEARCH_PATHS = (
					"$(inherited)",
					"@executable_path/Frameworks",
					"@loader_path/Frameworks",
				);
				PRODUCT_BUNDLE_IDENTIFIER = "julienHoarau.Securite--InfoUITests";
				PRODUCT_NAME = "$(TARGET_NAME)";
				SWIFT_VERSION = 5.0;
				TARGETED_DEVICE_FAMILY = "1,2";
				TEST_TARGET_NAME = "Securité Info";
			};
			name = Debug;
		};
		18668E3C2422077700DDFEC3 /* Release */ = {
			isa = XCBuildConfiguration;
			buildSettings = {
				ALWAYS_EMBED_SWIFT_STANDARD_LIBRARIES = YES;
				CODE_SIGN_STYLE = Automatic;
				DEVELOPMENT_TEAM = D6R3B72276;
				INFOPLIST_FILE = "Securité InfoUITests/Info.plist";
				LD_RUNPATH_SEARCH_PATHS = (
					"$(inherited)",
					"@executable_path/Frameworks",
					"@loader_path/Frameworks",
				);
				PRODUCT_BUNDLE_IDENTIFIER = "julienHoarau.Securite--InfoUITests";
				PRODUCT_NAME = "$(TARGET_NAME)";
				SWIFT_VERSION = 5.0;
				TARGETED_DEVICE_FAMILY = "1,2";
				TEST_TARGET_NAME = "Securité Info";
			};
			name = Release;
		};
/* End XCBuildConfiguration section */

/* Begin XCConfigurationList section */
		18668E022422077300DDFEC3 /* Build configuration list for PBXProject "Securité Info" */ = {
			isa = XCConfigurationList;
			buildConfigurations = (
				18668E322422077700DDFEC3 /* Debug */,
				18668E332422077700DDFEC3 /* Release */,
			);
			defaultConfigurationIsVisible = 0;
			defaultConfigurationName = Release;
		};
		18668E342422077700DDFEC3 /* Build configuration list for PBXNativeTarget "Securité Info" */ = {
			isa = XCConfigurationList;
			buildConfigurations = (
				18668E352422077700DDFEC3 /* Debug */,
				18668E362422077700DDFEC3 /* Release */,
			);
			defaultConfigurationIsVisible = 0;
			defaultConfigurationName = Release;
		};
		18668E372422077700DDFEC3 /* Build configuration list for PBXNativeTarget "Securité InfoTests" */ = {
			isa = XCConfigurationList;
			buildConfigurations = (
				18668E382422077700DDFEC3 /* Debug */,
				18668E392422077700DDFEC3 /* Release */,
			);
			defaultConfigurationIsVisible = 0;
			defaultConfigurationName = Release;
		};
		18668E3A2422077700DDFEC3 /* Build configuration list for PBXNativeTarget "Securité InfoUITests" */ = {
			isa = XCConfigurationList;
			buildConfigurations = (
				18668E3B2422077700DDFEC3 /* Debug */,
				18668E3C2422077700DDFEC3 /* Release */,
			);
			defaultConfigurationIsVisible = 0;
			defaultConfigurationName = Release;
		};
/* End XCConfigurationList section */

/* Begin XCVersionGroup section */
		18668E132422077300DDFEC3 /* Securite__Info.xcdatamodeld */ = {
			isa = XCVersionGroup;
			children = (
				18668E142422077300DDFEC3 /* Securite__Info.xcdatamodel */,
			);
			currentVersion = 18668E142422077300DDFEC3 /* Securite__Info.xcdatamodel */;
			path = Securite__Info.xcdatamodeld;
			sourceTree = "<group>";
			versionGroupType = wrapper.xcdatamodel;
		};
/* End XCVersionGroup section */
	};
	rootObject = 18668DFF2422077300DDFEC3 /* Project object */;
}
